
Microsoft Visual Studio Solution File, Format Version 12.00
# Visual Studio Version 16
VisualStudioVersion = 16.0.30011.22
MinimumVisualStudioVersion = 10.0.40219.1
Project("{FAE04EC0-301F-11D3-BF4B-00C04F79EFBC}") = "LogTalk", "LogTalk\LogTalk.csproj", "{F82844D3-9894-46E6-AF92-8A7EC90BBCD7}"
EndProject
Project("{9A19103F-16F7-4668-BE54-9A1E7A4F7556}") = "LogTalk.UnitTests", "LogTalk.UnitTests\LogTalk.UnitTests.csproj", "{10FBF8EC-8D68-4008-A4E9-61B4F7EC84FB}"
EndProject
Global
	GlobalSection(SolutionConfigurationPlatforms) = preSolution
		Debug|Any CPU = Debug|Any CPU
		Release|Any CPU = Release|Any CPU
	EndGlobalSection
	GlobalSection(ProjectConfigurationPlatforms) = postSolution
		{F82844D3-9894-46E6-AF92-8A7EC90BBCD7}.Debug|Any CPU.ActiveCfg = Debug|Any CPU
		{F82844D3-9894-46E6-AF92-8A7EC90BBCD7}.Debug|Any CPU.Build.0 = Debug|Any CPU
		{F82844D3-9894-46E6-AF92-8A7EC90BBCD7}.Release|Any CPU.ActiveCfg = Release|Any CPU
		{F82844D3-9894-46E6-AF92-8A7EC90BBCD7}.Release|Any CPU.Build.0 = Release|Any CPU
		{10FBF8EC-8D68-4008-A4E9-61B4F7EC84FB}.Debug|Any CPU.ActiveCfg = Debug|Any CPU
		{10FBF8EC-8D68-4008-A4E9-61B4F7EC84FB}.Debug|Any CPU.Build.0 = Debug|Any CPU
		{10FBF8EC-8D68-4008-A4E9-61B4F7EC84FB}.Release|Any CPU.ActiveCfg = Release|Any CPU
		{10FBF8EC-8D68-4008-A4E9-61B4F7EC84FB}.Release|Any CPU.Build.0 = Release|Any CPU
	EndGlobalSection
	GlobalSection(SolutionProperties) = preSolution
		HideSolutionNode = FALSE
	EndGlobalSection
	GlobalSection(ExtensibilityGlobals) = postSolution
		SolutionGuid = {2E4DF00B-1119-4278-AA25-368EC8CCA0F2}
	EndGlobalSection
EndGlobal
